
Microsoft Visual Studio Solution File, Format Version 12.00
# Visual Studio 15
VisualStudioVersion = 15.0.28010.2046
MinimumVisualStudioVersion = 10.0.40219.1
Project("{FAE04EC0-301F-11D3-BF4B-00C04F79EFBC}") = "Generics", "Generics\Generics.csproj", "{6B9A5416-E539-4867-A726-BBD5F1EE21A0}"
EndProject
Project("{FAE04EC0-301F-11D3-BF4B-00C04F79EFBC}") = "Delegates", "Delegates\Delegates.csproj", "{4C5CB242-3EE0-469B-9E10-7D70D17EEF96}"
EndProject
Project("{FAE04EC0-301F-11D3-BF4B-00C04F79EFBC}") = "LambdaExpressions", "LambdaExpressions\LambdaExpressions.csproj", "{49C6E6BC-F91D-4F5E-9E28-E85973D6B52D}"
EndProject
Project("{FAE04EC0-301F-11D3-BF4B-00C04F79EFBC}") = "EventsAndDelegates", "EventsAndDelegates\EventsAndDelegates.csproj", "{39FDBF50-55CE-4339-B497-6D0122260B14}"
EndProject
Global
	GlobalSection(SolutionConfigurationPlatforms) = preSolution
		Debug|Any CPU = Debug|Any CPU
		Release|Any CPU = Release|Any CPU
	EndGlobalSection
	GlobalSection(ProjectConfigurationPlatforms) = postSolution
		{6B9A5416-E539-4867-A726-BBD5F1EE21A0}.Debug|Any CPU.ActiveCfg = Debug|Any CPU
		{6B9A5416-E539-4867-A726-BBD5F1EE21A0}.Debug|Any CPU.Build.0 = Debug|Any CPU
		{6B9A5416-E539-4867-A726-BBD5F1EE21A0}.Release|Any CPU.ActiveCfg = Release|Any CPU
		{6B9A5416-E539-4867-A726-BBD5F1EE21A0}.Release|Any CPU.Build.0 = Release|Any CPU
		{4C5CB242-3EE0-469B-9E10-7D70D17EEF96}.Debug|Any CPU.ActiveCfg = Debug|Any CPU
		{4C5CB242-3EE0-469B-9E10-7D70D17EEF96}.Debug|Any CPU.Build.0 = Debug|Any CPU
		{4C5CB242-3EE0-469B-9E10-7D70D17EEF96}.Release|Any CPU.ActiveCfg = Release|Any CPU
		{4C5CB242-3EE0-469B-9E10-7D70D17EEF96}.Release|Any CPU.Build.0 = Release|Any CPU
		{49C6E6BC-F91D-4F5E-9E28-E85973D6B52D}.Debug|Any CPU.ActiveCfg = Debug|Any CPU
		{49C6E6BC-F91D-4F5E-9E28-E85973D6B52D}.Debug|Any CPU.Build.0 = Debug|Any CPU
		{49C6E6BC-F91D-4F5E-9E28-E85973D6B52D}.Release|Any CPU.ActiveCfg = Release|Any CPU
		{49C6E6BC-F91D-4F5E-9E28-E85973D6B52D}.Release|Any CPU.Build.0 = Release|Any CPU
		{39FDBF50-55CE-4339-B497-6D0122260B14}.Debug|Any CPU.ActiveCfg = Debug|Any CPU
		{39FDBF50-55CE-4339-B497-6D0122260B14}.Debug|Any CPU.Build.0 = Debug|Any CPU
		{39FDBF50-55CE-4339-B497-6D0122260B14}.Release|Any CPU.ActiveCfg = Release|Any CPU
		{39FDBF50-55CE-4339-B497-6D0122260B14}.Release|Any CPU.Build.0 = Release|Any CPU
	EndGlobalSection
	GlobalSection(SolutionProperties) = preSolution
		HideSolutionNode = FALSE
	EndGlobalSection
	GlobalSection(ExtensibilityGlobals) = postSolution
		SolutionGuid = {8EFE2746-6487-4E16-A5A4-1C4EAAA7B38A}
	EndGlobalSection
EndGlobal
